<?xml version="1.0" encoding="utf-8"?>
<Project ToolsVersion="4.0" xmlns="http://schemas.microsoft.com/developer/msbuild/2003">
  <ItemGroup>
    <Filter Include="source">
      <UniqueIdentifier>{4FC737F1-C7A5-4376-A066-2A32D752A2FF}</UniqueIdentifier>
      <Extensions>cpp;c;cc;cxx;def;odl;idl;hpj;bat;asm;asmx</Extensions>
    </Filter>
    <Filter Include="board">
      <UniqueIdentifier>{dc2250e4-e44f-4b53-925e-f71d02f20bba}</UniqueIdentifier>
    </Filter>
    <Filter Include="drivers">
      <UniqueIdentifier>{e25d725f-9249-4e79-8e9a-9c33a98bf5ee}</UniqueIdentifier>
    </Filter>
    <Filter Include="CMSIS">
      <UniqueIdentifier>{cbd3c7ba-c03b-4913-ae6b-86baca83d83f}</UniqueIdentifier>
    </Filter>
    <Filter Include="source\smartcar_drivers">
      <UniqueIdentifier>{27d09824-17c5-4d6d-9fda-57c857c112bd}</UniqueIdentifier>
    </Filter>
    <Filter Include="source\cm_backtrace">
      <UniqueIdentifier>{16f9edf3-c423-4cad-8077-3b8af300eccd}</UniqueIdentifier>
    </Filter>
    <Filter Include="utilities">
      <UniqueIdentifier>{bd837df5-08f6-4f80-9a3d-66d9258b734b}</UniqueIdentifier>
    </Filter>
  </ItemGroup>
  <ItemGroup>
    <ClCompile Include="source\main.c">
      <Filter>source</Filter>
    </ClCompile>
    <ClCompile Include="board\board.c">
      <Filter>board</Filter>
    </ClCompile>
    <ClCompile Include="board\clock_config.c">
      <Filter>board</Filter>
    </ClCompile>
    <ClCompile Include="board\pin_mux.c">
      <Filter>board</Filter>
    </ClCompile>
    <ClCompile Include="drivers\fsl_clock.c">
      <Filter>drivers</Filter>
    </ClCompile>
    <ClCompile Include="drivers\fsl_common.c">
      <Filter>drivers</Filter>
    </ClCompile>
    <ClCompile Include="drivers\fsl_ftfx_cache.c">
      <Filter>drivers</Filter>
    </ClCompile>
    <ClCompile Include="drivers\fsl_ftfx_controller.c">
      <Filter>drivers</Filter>
    </ClCompile>
    <ClCompile Include="drivers\fsl_ftfx_flash.c">
      <Filter>drivers</Filter>
    </ClCompile>
    <ClCompile Include="drivers\fsl_ftfx_flexnvm.c">
      <Filter>drivers</Filter>
    </ClCompile>
    <ClCompile Include="drivers\fsl_gpio.c">
      <Filter>drivers</Filter>
    </ClCompile>
    <ClCompile Include="drivers\fsl_lpuart.c">
      <Filter>drivers</Filter>
    </ClCompile>
    <ClCompile Include="drivers\fsl_sdhc.c">
      <Filter>drivers</Filter>
    </ClCompile>
    <ClCompile Include="drivers\fsl_smc.c">
      <Filter>drivers</Filter>
    </ClCompile>
    <ClCompile Include="drivers\fsl_sysmpu.c">
      <Filter>drivers</Filter>
    </ClCompile>
    <ClCompile Include="drivers\fsl_uart.c">
      <Filter>drivers</Filter>
    </ClCompile>
    <ClCompile Include="source\smartcar_drivers\flash_driver.c">
      <Filter>source\smartcar_drivers</Filter>
    </ClCompile>
    <ClCompile Include="drivers\fsl_adc16.c">
      <Filter>drivers</Filter>
    </ClCompile>
    <ClCompile Include="drivers\fsl_cache.c">
      <Filter>drivers</Filter>
    </ClCompile>
    <ClCompile Include="drivers\fsl_cmp.c">
      <Filter>drivers</Filter>
    </ClCompile>
    <ClCompile Include="drivers\fsl_cmt.c">
      <Filter>drivers</Filter>
    </ClCompile>
    <ClCompile Include="drivers\fsl_crc.c">
      <Filter>drivers</Filter>
    </ClCompile>
    <ClCompile Include="drivers\fsl_dac.c">
      <Filter>drivers</Filter>
    </ClCompile>
    <ClCompile Include="drivers\fsl_dmamux.c">
      <Filter>drivers</Filter>
    </ClCompile>
    <ClCompile Include="drivers\fsl_dspi.c">
      <Filter>drivers</Filter>
    </ClCompile>
    <ClCompile Include="drivers\fsl_dspi_edma.c">
      <Filter>drivers</Filter>
    </ClCompile>
    <ClCompile Include="drivers\fsl_dspi_freertos.c">
      <Filter>drivers</Filter>
    </ClCompile>
    <ClCompile Include="drivers\fsl_edma.c">
      <Filter>drivers</Filter>
    </ClCompile>
    <ClCompile Include="drivers\fsl_enet.c">
      <Filter>drivers</Filter>
    </ClCompile>
    <ClCompile Include="drivers\fsl_ewm.c">
      <Filter>drivers</Filter>
    </ClCompile>
    <ClCompile Include="drivers\fsl_flexbus.c">
      <Filter>drivers</Filter>
    </ClCompile>
    <ClCompile Include="drivers\fsl_flexcan.c">
      <Filter>drivers</Filter>
    </ClCompile>
    <ClCompile Include="drivers\fsl_ftm.c">
      <Filter>drivers</Filter>
    </ClCompile>
    <ClCompile Include="drivers\fsl_i2c.c">
      <Filter>drivers</Filter>
    </ClCompile>
    <ClCompile Include="drivers\fsl_i2c_edma.c">
      <Filter>drivers</Filter>
    </ClCompile>
    <ClCompile Include="drivers\fsl_i2c_freertos.c">
      <Filter>drivers</Filter>
    </ClCompile>
    <ClCompile Include="drivers\fsl_llwu.c">
      <Filter>drivers</Filter>
    </ClCompile>
    <ClCompile Include="drivers\fsl_lmem_cache.c">
      <Filter>drivers</Filter>
    </ClCompile>
    <ClCompile Include="drivers\fsl_lptmr.c">
      <Filter>drivers</Filter>
    </ClCompile>
    <ClCompile Include="drivers\fsl_lpuart_edma.c">
      <Filter>drivers</Filter>
    </ClCompile>
    <ClCompile Include="drivers\fsl_lpuart_freertos.c">
      <Filter>drivers</Filter>
    </ClCompile>
    <ClCompile Include="drivers\fsl_pdb.c">
      <Filter>drivers</Filter>
    </ClCompile>
    <ClCompile Include="drivers\fsl_pit.c">
      <Filter>drivers</Filter>
    </ClCompile>
    <ClCompile Include="drivers\fsl_pmc.c">
      <Filter>drivers</Filter>
    </ClCompile>
    <ClCompile Include="drivers\fsl_rcm.c">
      <Filter>drivers</Filter>
    </ClCompile>
    <ClCompile Include="drivers\fsl_rnga.c">
      <Filter>drivers</Filter>
    </ClCompile>
    <ClCompile Include="drivers\fsl_rtc.c">
      <Filter>drivers</Filter>
    </ClCompile>
    <ClCompile Include="drivers\fsl_sai.c">
      <Filter>drivers</Filter>
    </ClCompile>
    <ClCompile Include="drivers\fsl_sai_edma.c">
      <Filter>drivers</Filter>
    </ClCompile>
    <ClCompile Include="drivers\fsl_sdramc.c">
      <Filter>drivers</Filter>
    </ClCompile>
    <ClCompile Include="drivers\fsl_sim.c">
      <Filter>drivers</Filter>
    </ClCompile>
    <ClCompile Include="drivers\fsl_tpm.c">
      <Filter>drivers</Filter>
    </ClCompile>
    <ClCompile Include="drivers\fsl_tsi_v4.c">
      <Filter>drivers</Filter>
    </ClCompile>
    <ClCompile Include="drivers\fsl_uart_edma.c">
      <Filter>drivers</Filter>
    </ClCompile>
    <ClCompile Include="drivers\fsl_uart_freertos.c">
      <Filter>drivers</Filter>
    </ClCompile>
    <ClCompile Include="drivers\fsl_vref.c">
      <Filter>drivers</Filter>
    </ClCompile>
    <ClCompile Include="drivers\fsl_wdog.c">
      <Filter>drivers</Filter>
    </ClCompile>
    <ClCompile Include="source\smartcar_drivers\uart.c">
      <Filter>source\smartcar_drivers</Filter>
    </ClCompile>
    <ClCompile Include="source\cm_backtrace\cm_backtrace.c">
      <Filter>source\cm_backtrace</Filter>
    </ClCompile>
    <ClCompile Include="source\smartcar_drivers\Icm20602.c">
      <Filter>source\smartcar_drivers</Filter>
    </ClCompile>
    <ClCompile Include="source\smartcar_drivers\Icm20602Message.c">
      <Filter>source\smartcar_drivers</Filter>
    </ClCompile>
    <ClCompile Include="source\smartcar_drivers\i2c.c">
      <Filter>source\smartcar_drivers</Filter>
    </ClCompile>
    <ClCompile Include="source\smartcar_drivers\i2c_soft.c">
      <Filter>source\smartcar_drivers</Filter>
    </ClCompile>
    <ClCompile Include="utilities\fsl_assert.c">
      <Filter>utilities</Filter>
    </ClCompile>
    <ClCompile Include="utilities\fsl_debug_console.c">
      <Filter>utilities</Filter>
    </ClCompile>
    <ClCompile Include="utilities\fsl_str.c">
      <Filter>utilities</Filter>
    </ClCompile>
    <ClCompile Include="source\smartcar_drivers\spi.c">
      <Filter>source\smartcar_drivers</Filter>
    </ClCompile>
    <ClCompile Include="source\smartcar_drivers\list.c">
      <Filter>source\smartcar_drivers</Filter>
    </ClCompile>
    <ClCompile Include="source\smartcar_drivers\IRQ_manager.c">
      <Filter>source\smartcar_drivers</Filter>
    </ClCompile>
    <ClCompile Include="source\smartcar_drivers\OLED.c">
      <Filter>source\smartcar_drivers</Filter>
    </ClCompile>
    <ClCompile Include="source\smartcar_drivers\LADRC.c">
      <Filter>source\smartcar_drivers</Filter>
    </ClCompile>
    <ClCompile Include="source\smartcar_drivers\list_cycle.c">
      <Filter>source\smartcar_drivers</Filter>
    </ClCompile>
    <ClCompile Include="source\smartcar_drivers\sys_pit_mgr.c">
      <Filter>source\smartcar_drivers</Filter>
    </ClCompile>
    <ClCompile Include="source\smartcar_drivers\SmartCar_ADC.c">
      <Filter>source\smartcar_drivers</Filter>
    </ClCompile>
    <ClCompile Include="source\smartcar_drivers\SmartCar_ADC_dma.c">
      <Filter>source\smartcar_drivers</Filter>
    </ClCompile>
    <ClCompile Include="source\smartcar_drivers\SmartCar_Pit.c">
      <Filter>source\smartcar_drivers</Filter>
    </ClCompile>
    <ClCompile Include="board\peripherals.c">
      <Filter>board</Filter>
    </ClCompile>
  </ItemGroup>
  <ItemGroup>
    <ClInclude Include="board\board.h">
      <Filter>board</Filter>
    </ClInclude>
    <ClInclude Include="board\clock_config.h">
      <Filter>board</Filter>
    </ClInclude>
    <ClInclude Include="board\pin_mux.h">
      <Filter>board</Filter>
    </ClInclude>
    <ClInclude Include="drivers\fsl_clock.h">
      <Filter>drivers</Filter>
    </ClInclude>
    <ClInclude Include="drivers\fsl_common.h">
      <Filter>drivers</Filter>
    </ClInclude>
    <ClInclude Include="drivers\fsl_flash.h">
      <Filter>drivers</Filter>
    </ClInclude>
    <ClInclude Include="drivers\fsl_ftfx_adapter.h">
      <Filter>drivers</Filter>
    </ClInclude>
    <ClInclude Include="drivers\fsl_ftfx_cache.h">
      <Filter>drivers</Filter>
    </ClInclude>
    <ClInclude Include="drivers\fsl_ftfx_controller.h">
      <Filter>drivers</Filter>
    </ClInclude>
    <ClInclude Include="drivers\fsl_ftfx_features.h">
      <Filter>drivers</Filter>
    </ClInclude>
    <ClInclude Include="drivers\fsl_ftfx_flash.h">
      <Filter>drivers</Filter>
    </ClInclude>
    <ClInclude Include="drivers\fsl_ftfx_flexnvm.h">
      <Filter>drivers</Filter>
    </ClInclude>
    <ClInclude Include="drivers\fsl_ftfx_utilities.h">
      <Filter>drivers</Filter>
    </ClInclude>
    <ClInclude Include="drivers\fsl_gpio.h">
      <Filter>drivers</Filter>
    </ClInclude>
    <ClInclude Include="drivers\fsl_lpuart.h">
      <Filter>drivers</Filter>
    </ClInclude>
    <ClInclude Include="drivers\fsl_port.h">
      <Filter>drivers</Filter>
    </ClInclude>
    <ClInclude Include="drivers\fsl_sdhc.h">
      <Filter>drivers</Filter>
    </ClInclude>
    <ClInclude Include="drivers\fsl_smc.h">
      <Filter>drivers</Filter>
    </ClInclude>
    <ClInclude Include="drivers\fsl_sysmpu.h">
      <Filter>drivers</Filter>
    </ClInclude>
    <ClInclude Include="drivers\fsl_uart.h">
      <Filter>drivers</Filter>
    </ClInclude>
    <ClInclude Include="CMSIS\arm_common_tables.h">
      <Filter>CMSIS</Filter>
    </ClInclude>
    <ClInclude Include="CMSIS\arm_const_structs.h">
      <Filter>CMSIS</Filter>
    </ClInclude>
    <ClInclude Include="CMSIS\arm_math.h">
      <Filter>CMSIS</Filter>
    </ClInclude>
    <ClInclude Include="CMSIS\cmsis_armcc.h">
      <Filter>CMSIS</Filter>
    </ClInclude>
    <ClInclude Include="CMSIS\cmsis_armclang.h">
      <Filter>CMSIS</Filter>
    </ClInclude>
    <ClInclude Include="CMSIS\cmsis_compiler.h">
      <Filter>CMSIS</Filter>
    </ClInclude>
    <ClInclude Include="CMSIS\cmsis_gcc.h">
      <Filter>CMSIS</Filter>
    </ClInclude>
    <ClInclude Include="CMSIS\cmsis_iccarm.h">
      <Filter>CMSIS</Filter>
    </ClInclude>
    <ClInclude Include="CMSIS\cmsis_version.h">
      <Filter>CMSIS</Filter>
    </ClInclude>
    <ClInclude Include="CMSIS\core_armv8mbl.h">
      <Filter>CMSIS</Filter>
    </ClInclude>
    <ClInclude Include="CMSIS\core_armv8mml.h">
      <Filter>CMSIS</Filter>
    </ClInclude>
    <ClInclude Include="CMSIS\core_cm4.h">
      <Filter>CMSIS</Filter>
    </ClInclude>
    <ClInclude Include="CMSIS\mpu_armv7.h">
      <Filter>CMSIS</Filter>
    </ClInclude>
    <ClInclude Include="CMSIS\mpu_armv8.h">
      <Filter>CMSIS</Filter>
    </ClInclude>
    <ClInclude Include="source\smartcar_drivers\flash_driver.h">
      <Filter>source\smartcar_drivers</Filter>
    </ClInclude>
    <ClInclude Include="drivers\fsl_adc16.h">
      <Filter>drivers</Filter>
    </ClInclude>
    <ClInclude Include="drivers\fsl_cache.h">
      <Filter>drivers</Filter>
    </ClInclude>
    <ClInclude Include="drivers\fsl_cmp.h">
      <Filter>drivers</Filter>
    </ClInclude>
    <ClInclude Include="drivers\fsl_cmt.h">
      <Filter>drivers</Filter>
    </ClInclude>
    <ClInclude Include="drivers\fsl_crc.h">
      <Filter>drivers</Filter>
    </ClInclude>
    <ClInclude Include="drivers\fsl_dac.h">
      <Filter>drivers</Filter>
    </ClInclude>
    <ClInclude Include="drivers\fsl_dmamux.h">
      <Filter>drivers</Filter>
    </ClInclude>
    <ClInclude Include="drivers\fsl_dspi.h">
      <Filter>drivers</Filter>
    </ClInclude>
    <ClInclude Include="drivers\fsl_dspi_edma.h">
      <Filter>drivers</Filter>
    </ClInclude>
    <ClInclude Include="drivers\fsl_dspi_freertos.h">
      <Filter>drivers</Filter>
    </ClInclude>
    <ClInclude Include="drivers\fsl_edma.h">
      <Filter>drivers</Filter>
    </ClInclude>
    <ClInclude Include="drivers\fsl_enet.h">
      <Filter>drivers</Filter>
    </ClInclude>
    <ClInclude Include="drivers\fsl_ewm.h">
      <Filter>drivers</Filter>
    </ClInclude>
    <ClInclude Include="drivers\fsl_flexbus.h">
      <Filter>drivers</Filter>
    </ClInclude>
    <ClInclude Include="drivers\fsl_flexcan.h">
      <Filter>drivers</Filter>
    </ClInclude>
    <ClInclude Include="drivers\fsl_ftm.h">
      <Filter>drivers</Filter>
    </ClInclude>
    <ClInclude Include="drivers\fsl_i2c.h">
      <Filter>drivers</Filter>
    </ClInclude>
    <ClInclude Include="drivers\fsl_i2c_edma.h">
      <Filter>drivers</Filter>
    </ClInclude>
    <ClInclude Include="drivers\fsl_i2c_freertos.h">
      <Filter>drivers</Filter>
    </ClInclude>
    <ClInclude Include="drivers\fsl_llwu.h">
      <Filter>drivers</Filter>
    </ClInclude>
    <ClInclude Include="drivers\fsl_lmem_cache.h">
      <Filter>drivers</Filter>
    </ClInclude>
    <ClInclude Include="drivers\fsl_lptmr.h">
      <Filter>drivers</Filter>
    </ClInclude>
    <ClInclude Include="drivers\fsl_lpuart_edma.h">
      <Filter>drivers</Filter>
    </ClInclude>
    <ClInclude Include="drivers\fsl_lpuart_freertos.h">
      <Filter>drivers</Filter>
    </ClInclude>
    <ClInclude Include="drivers\fsl_pdb.h">
      <Filter>drivers</Filter>
    </ClInclude>
    <ClInclude Include="drivers\fsl_pit.h">
      <Filter>drivers</Filter>
    </ClInclude>
    <ClInclude Include="drivers\fsl_pmc.h">
      <Filter>drivers</Filter>
    </ClInclude>
    <ClInclude Include="drivers\fsl_rcm.h">
      <Filter>drivers</Filter>
    </ClInclude>
    <ClInclude Include="drivers\fsl_rnga.h">
      <Filter>drivers</Filter>
    </ClInclude>
    <ClInclude Include="drivers\fsl_rtc.h">
      <Filter>drivers</Filter>
    </ClInclude>
    <ClInclude Include="drivers\fsl_sai.h">
      <Filter>drivers</Filter>
    </ClInclude>
    <ClInclude Include="drivers\fsl_sai_edma.h">
      <Filter>drivers</Filter>
    </ClInclude>
    <ClInclude Include="drivers\fsl_sdramc.h">
      <Filter>drivers</Filter>
    </ClInclude>
    <ClInclude Include="drivers\fsl_sim.h">
      <Filter>drivers</Filter>
    </ClInclude>
    <ClInclude Include="drivers\fsl_tpm.h">
      <Filter>drivers</Filter>
    </ClInclude>
    <ClInclude Include="drivers\fsl_tsi_v4.h">
      <Filter>drivers</Filter>
    </ClInclude>
    <ClInclude Include="drivers\fsl_uart_edma.h">
      <Filter>drivers</Filter>
    </ClInclude>
    <ClInclude Include="drivers\fsl_uart_freertos.h">
      <Filter>drivers</Filter>
    </ClInclude>
    <ClInclude Include="drivers\fsl_vref.h">
      <Filter>drivers</Filter>
    </ClInclude>
    <ClInclude Include="drivers\fsl_wdog.h">
      <Filter>drivers</Filter>
    </ClInclude>
    <ClInclude Include="source\smartcar_drivers\uart.h">
      <Filter>source\smartcar_drivers</Filter>
    </ClInclude>
    <ClInclude Include="source\cm_backtrace\cm_backtrace.h">
      <Filter>source\cm_backtrace</Filter>
    </ClInclude>
    <ClInclude Include="source\cm_backtrace\cmb_cfg.h">
      <Filter>source\cm_backtrace</Filter>
    </ClInclude>
    <ClInclude Include="source\cm_backtrace\cmb_def.h">
      <Filter>source\cm_backtrace</Filter>
    </ClInclude>
    <ClInclude Include="source\smartcar_drivers\Icm20602.h">
      <Filter>source\smartcar_drivers</Filter>
    </ClInclude>
    <ClInclude Include="source\smartcar_drivers\Icm20602Defs.h">
      <Filter>source\smartcar_drivers</Filter>
    </ClInclude>
    <ClInclude Include="source\smartcar_drivers\Icm20602Message.h">
      <Filter>source\smartcar_drivers</Filter>
    </ClInclude>
    <ClInclude Include="source\smartcar_drivers\i2c.h">
      <Filter>source\smartcar_drivers</Filter>
    </ClInclude>
    <ClInclude Include="source\smartcar_drivers\i2c_soft.h">
      <Filter>source\smartcar_drivers</Filter>
    </ClInclude>
    <ClInclude Include="utilities\fsl_debug_console.h">
      <Filter>utilities</Filter>
    </ClInclude>
    <ClInclude Include="utilities\fsl_debug_console_conf.h">
      <Filter>utilities</Filter>
    </ClInclude>
    <ClInclude Include="utilities\fsl_str.h">
      <Filter>utilities</Filter>
    </ClInclude>
    <ClInclude Include="source\smartcar_drivers\spi.h">
      <Filter>source\smartcar_drivers</Filter>
    </ClInclude>
    <ClInclude Include="source\smartcar_drivers\list.h">
      <Filter>source\smartcar_drivers</Filter>
    </ClInclude>
    <ClInclude Include="source\smartcar_drivers\IRQ_manager.h">
      <Filter>source\smartcar_drivers</Filter>
    </ClInclude>
    <ClInclude Include="source\smartcar_drivers\OLED.h">
      <Filter>source\smartcar_drivers</Filter>
    </ClInclude>
    <ClInclude Include="source\smartcar_drivers\LADRC.h">
      <Filter>source\smartcar_drivers</Filter>
    </ClInclude>
    <ClInclude Include="source\smartcar_drivers\list_cycle.h">
      <Filter>source\smartcar_drivers</Filter>
    </ClInclude>
    <ClInclude Include="source\smartcar_drivers\sys_pit_mgr.h">
      <Filter>source\smartcar_drivers</Filter>
    </ClInclude>
    <ClInclude Include="source\smartcar_drivers\SmartCar_ADC.h">
      <Filter>source\smartcar_drivers</Filter>
    </ClInclude>
    <ClInclude Include="source\smartcar_drivers\SmartCar_ADC_dma.h">
      <Filter>source\smartcar_drivers</Filter>
    </ClInclude>
    <ClInclude Include="source\smartcar_drivers\SmartCar_Pit.h">
      <Filter>source\smartcar_drivers</Filter>
    </ClInclude>
    <ClInclude Include="board\peripherals.h">
      <Filter>board</Filter>
    </ClInclude>
  </ItemGroup>
  <ItemGroup>
    <None Include="source\cm_backtrace\cmb_fault.S">
      <Filter>source\cm_backtrace</Filter>
    </None>
  </ItemGroup>
</Project>